// !$*UTF8*$!
{
	archiveVersion = 1;
	classes = {
	};
	objectVersion = 46;
	objects = {

/* Begin PBXBuildFile section */
		982DDCF1163118A40058738B /* Cocoa.framework in Frameworks */ = {isa = PBXBuildFile; fileRef = 982DDCF0163118A40058738B /* Cocoa.framework */; };
		982DDCFB163118A40058738B /* InfoPlist.strings in Resources */ = {isa = PBXBuildFile; fileRef = 982DDCF9163118A40058738B /* InfoPlist.strings */; };
		982DDCFD163118A40058738B /* main.m in Sources */ = {isa = PBXBuildFile; fileRef = 982DDCFC163118A40058738B /* main.m */; };
		982DDD01163118A40058738B /* Credits.rtf in Resources */ = {isa = PBXBuildFile; fileRef = 982DDCFF163118A40058738B /* Credits.rtf */; };
		982DDD04163118A40058738B /* TSAppDelegate.m in Sources */ = {isa = PBXBuildFile; fileRef = 982DDD03163118A40058738B /* TSAppDelegate.m */; };
		982DDD07163118A40058738B /* MainMenu.xib in Resources */ = {isa = PBXBuildFile; fileRef = 982DDD05163118A40058738B /* MainMenu.xib */; };
		982DDD0F163118C80058738B /* TSController.m in Sources */ = {isa = PBXBuildFile; fileRef = 982DDD0E163118C80058738B /* TSController.m */; };
		982DDD1716311A1D0058738B /* masterView.m in Sources */ = {isa = PBXBuildFile; fileRef = 982DDD1016311A1C0058738B /* masterView.m */; };
		982DDD1816311A1D0058738B /* ImageBrowserCell.mm in Sources */ = {isa = PBXBuildFile; fileRef = 982DDD1416311A1D0058738B /* ImageBrowserCell.mm */; };
		982DDD1916311A1D0058738B /* ImageBrowserView.mm in Sources */ = {isa = PBXBuildFile; fileRef = 982DDD1616311A1D0058738B /* ImageBrowserView.mm */; };
		982DDD1B16311A390058738B /* Quartz.framework in Frameworks */ = {isa = PBXBuildFile; fileRef = 982DDD1A16311A390058738B /* Quartz.framework */; };
		982DDD3B16311DEC0058738B /* UI_Day1.png in Resources */ = {isa = PBXBuildFile; fileRef = 982DDD1D16311DEC0058738B /* UI_Day1.png */; };
		982DDD3C16311DEC0058738B /* UI_Day10.png in Resources */ = {isa = PBXBuildFile; fileRef = 982DDD1E16311DEC0058738B /* UI_Day10.png */; };
		982DDD3D16311DEC0058738B /* UI_Day11.png in Resources */ = {isa = PBXBuildFile; fileRef = 982DDD1F16311DEC0058738B /* UI_Day11.png */; };
		982DDD3E16311DEC0058738B /* UI_Day12.png in Resources */ = {isa = PBXBuildFile; fileRef = 982DDD2016311DEC0058738B /* UI_Day12.png */; };
		982DDD3F16311DEC0058738B /* UI_Day13.png in Resources */ = {isa = PBXBuildFile; fileRef = 982DDD2116311DEC0058738B /* UI_Day13.png */; };
		982DDD4016311DEC0058738B /* UI_Day14.png in Resources */ = {isa = PBXBuildFile; fileRef = 982DDD2216311DEC0058738B /* UI_Day14.png */; };
		982DDD4116311DEC0058738B /* UI_Day15.png in Resources */ = {isa = PBXBuildFile; fileRef = 982DDD2316311DEC0058738B /* UI_Day15.png */; };
		982DDD4216311DEC0058738B /* UI_Day16.png in Resources */ = {isa = PBXBuildFile; fileRef = 982DDD2416311DEC0058738B /* UI_Day16.png */; };
		982DDD4316311DEC0058738B /* UI_Day17.png in Resources */ = {isa = PBXBuildFile; fileRef = 982DDD2516311DEC0058738B /* UI_Day17.png */; };
		982DDD4416311DEC0058738B /* UI_Day18.png in Resources */ = {isa = PBXBuildFile; fileRef = 982DDD2616311DEC0058738B /* UI_Day18.png */; };
		982DDD4516311DEC0058738B /* UI_Day19.png in Resources */ = {isa = PBXBuildFile; fileRef = 982DDD2716311DEC0058738B /* UI_Day19.png */; };
		982DDD4616311DEC0058738B /* UI_Day2.png in Resources */ = {isa = PBXBuildFile; fileRef = 982DDD2816311DEC0058738B /* UI_Day2.png */; };
		982DDD4716311DEC0058738B /* UI_Day20.png in Resources */ = {isa = PBXBuildFile; fileRef = 982DDD2916311DEC0058738B /* UI_Day20.png */; };
		982DDD4816311DEC0058738B /* UI_Day21.png in Resources */ = {isa = PBXBuildFile; fileRef = 982DDD2A16311DEC0058738B /* UI_Day21.png */; };
		982DDD4916311DEC0058738B /* UI_Day22.png in Resources */ = {isa = PBXBuildFile; fileRef = 982DDD2B16311DEC0058738B /* UI_Day22.png */; };
		982DDD4A16311DEC0058738B /* UI_Day23.png in Resources */ = {isa = PBXBuildFile; fileRef = 982DDD2C16311DEC0058738B /* UI_Day23.png */; };
		982DDD4B16311DEC0058738B /* UI_Day24.png in Resources */ = {isa = PBXBuildFile; fileRef = 982DDD2D16311DEC0058738B /* UI_Day24.png */; };
		982DDD4C16311DEC0058738B /* UI_Day25.png in Resources */ = {isa = PBXBuildFile; fileRef = 982DDD2E16311DEC0058738B /* UI_Day25.png */; };
		982DDD4D16311DEC0058738B /* UI_Day26.png in Resources */ = {isa = PBXBuildFile; fileRef = 982DDD2F16311DEC0058738B /* UI_Day26.png */; };
		982DDD4E16311DEC0058738B /* UI_Day27.png in Resources */ = {isa = PBXBuildFile; fileRef = 982DDD3016311DEC0058738B /* UI_Day27.png */; };
		982DDD4F16311DEC0058738B /* UI_Day28.png in Resources */ = {isa = PBXBuildFile; fileRef = 982DDD3116311DEC0058738B /* UI_Day28.png */; };
		982DDD5016311DEC0058738B /* UI_Day29.png in Resources */ = {isa = PBXBuildFile; fileRef = 982DDD3216311DEC0058738B /* UI_Day29.png */; };
		982DDD5116311DEC0058738B /* UI_Day3.png in Resources */ = {isa = PBXBuildFile; fileRef = 982DDD3316311DEC0058738B /* UI_Day3.png */; };
		982DDD5216311DEC0058738B /* UI_Day30.png in Resources */ = {isa = PBXBuildFile; fileRef = 982DDD3416311DEC0058738B /* UI_Day30.png */; };
		982DDD5316311DEC0058738B /* UI_Day4.png in Resources */ = {isa = PBXBuildFile; fileRef = 982DDD3516311DEC0058738B /* UI_Day4.png */; };
		982DDD5416311DEC0058738B /* UI_Day5.png in Resources */ = {isa = PBXBuildFile; fileRef = 982DDD3616311DEC0058738B /* UI_Day5.png */; };
		982DDD5516311DEC0058738B /* UI_Day6.png in Resources */ = {isa = PBXBuildFile; fileRef = 982DDD3716311DEC0058738B /* UI_Day6.png */; };
		982DDD5616311DEC0058738B /* UI_Day7.png in Resources */ = {isa = PBXBuildFile; fileRef = 982DDD3816311DEC0058738B /* UI_Day7.png */; };
		982DDD5716311DEC0058738B /* UI_Day8.png in Resources */ = {isa = PBXBuildFile; fileRef = 982DDD3916311DEC0058738B /* UI_Day8.png */; };
		982DDD5816311DEC0058738B /* UI_Day9.png in Resources */ = {isa = PBXBuildFile; fileRef = 982DDD3A16311DEC0058738B /* UI_Day9.png */; };
		982DDD5B16311E860058738B /* wrapperImage.m in Sources */ = {isa = PBXBuildFile; fileRef = 982DDD5A16311E860058738B /* wrapperImage.m */; };
		982DDD6F1631608D0058738B /* Property List.plist in Resources */ = {isa = PBXBuildFile; fileRef = 982DDD6E1631608D0058738B /* Property List.plist */; };
		983EAB511641064C00B4A5B1 /* File.rtf in Resources */ = {isa = PBXBuildFile; fileRef = 983EAB501641064C00B4A5B1 /* File.rtf */; };
		983EAB5616410C9800B4A5B1 /* TSDocuments.m in Sources */ = {isa = PBXBuildFile; fileRef = 983EAB5416410C9700B4A5B1 /* TSDocuments.m */; };
		983EAB5716410C9800B4A5B1 /* TSDocuments.xib in Resources */ = {isa = PBXBuildFile; fileRef = 983EAB5516410C9800B4A5B1 /* TSDocuments.xib */; };
		98ED564F163AC60C0013ABC4 /* TSLayerData.m in Sources */ = {isa = PBXBuildFile; fileRef = 98ED564E163AC60C0013ABC4 /* TSLayerData.m */; };
/* End PBXBuildFile section */

/* Begin PBXFileReference section */
		982DDCEC163118A40058738B /* ToolSample.app */ = {isa = PBXFileReference; explicitFileType = wrapper.application; includeInIndex = 0; path = ToolSample.app; sourceTree = BUILT_PRODUCTS_DIR; };
		982DDCF0163118A40058738B /* Cocoa.framework */ = {isa = PBXFileReference; lastKnownFileType = wrapper.framework; name = Cocoa.framework; path = System/Library/Frameworks/Cocoa.framework; sourceTree = SDKROOT; };
		982DDCF3163118A40058738B /* AppKit.framework */ = {isa = PBXFileReference; lastKnownFileType = wrapper.framework; name = AppKit.framework; path = System/Library/Frameworks/AppKit.framework; sourceTree = SDKROOT; };
		982DDCF4163118A40058738B /* CoreData.framework */ = {isa = PBXFileReference; lastKnownFileType = wrapper.framework; name = CoreData.framework; path = System/Library/Frameworks/CoreData.framework; sourceTree = SDKROOT; };
		982DDCF5163118A40058738B /* Foundation.framework */ = {isa = PBXFileReference; lastKnownFileType = wrapper.framework; name = Foundation.framework; path = System/Library/Frameworks/Foundation.framework; sourceTree = SDKROOT; };
		982DDCF8163118A40058738B /* ToolSample-Info.plist */ = {isa = PBXFileReference; lastKnownFileType = text.plist.xml; path = "ToolSample-Info.plist"; sourceTree = "<group>"; };
		982DDCFA163118A40058738B /* en */ = {isa = PBXFileReference; lastKnownFileType = text.plist.strings; name = en; path = en.lproj/InfoPlist.strings; sourceTree = "<group>"; };
		982DDCFC163118A40058738B /* main.m */ = {isa = PBXFileReference; lastKnownFileType = sourcecode.c.objc; path = main.m; sourceTree = "<group>"; };
		982DDCFE163118A40058738B /* ToolSample-Prefix.pch */ = {isa = PBXFileReference; lastKnownFileType = sourcecode.c.h; path = "ToolSample-Prefix.pch"; sourceTree = "<group>"; };
		982DDD00163118A40058738B /* en */ = {isa = PBXFileReference; lastKnownFileType = text.rtf; name = en; path = en.lproj/Credits.rtf; sourceTree = "<group>"; };
		982DDD02163118A40058738B /* TSAppDelegate.h */ = {isa = PBXFileReference; lastKnownFileType = sourcecode.c.h; path = TSAppDelegate.h; sourceTree = "<group>"; };
		982DDD03163118A40058738B /* TSAppDelegate.m */ = {isa = PBXFileReference; lastKnownFileType = sourcecode.c.objc; path = TSAppDelegate.m; sourceTree = "<group>"; };
		982DDD06163118A40058738B /* en */ = {isa = PBXFileReference; lastKnownFileType = file.xib; name = en; path = en.lproj/MainMenu.xib; sourceTree = "<group>"; };
		982DDD0D163118C80058738B /* TSController.h */ = {isa = PBXFileReference; fileEncoding = 4; lastKnownFileType = sourcecode.c.h; path = TSController.h; sourceTree = "<group>"; };
		982DDD0E163118C80058738B /* TSController.m */ = {isa = PBXFileReference; fileEncoding = 4; lastKnownFileType = sourcecode.c.objc; path = TSController.m; sourceTree = "<group>"; };
		982DDD1016311A1C0058738B /* masterView.m */ = {isa = PBXFileReference; fileEncoding = 4; lastKnownFileType = sourcecode.c.objc; path = masterView.m; sourceTree = "<group>"; };
		982DDD1116311A1C0058738B /* masterView.h */ = {isa = PBXFileReference; fileEncoding = 4; lastKnownFileType = sourcecode.c.h; path = masterView.h; sourceTree = "<group>"; };
		982DDD1216311A1C0058738B /* wrapperImage.h */ = {isa = PBXFileReference; fileEncoding = 4; lastKnownFileType = sourcecode.c.h; path = wrapperImage.h; sourceTree = "<group>"; };
		982DDD1316311A1C0058738B /* ImageBrowserCell.h */ = {isa = PBXFileReference; fileEncoding = 4; lastKnownFileType = sourcecode.c.h; path = ImageBrowserCell.h; sourceTree = "<group>"; };
		982DDD1416311A1D0058738B /* ImageBrowserCell.mm */ = {isa = PBXFileReference; fileEncoding = 4; lastKnownFileType = sourcecode.cpp.objcpp; path = ImageBrowserCell.mm; sourceTree = "<group>"; };
		982DDD1516311A1D0058738B /* ImageBrowserView.h */ = {isa = PBXFileReference; fileEncoding = 4; lastKnownFileType = sourcecode.c.h; path = ImageBrowserView.h; sourceTree = "<group>"; };
		982DDD1616311A1D0058738B /* ImageBrowserView.mm */ = {isa = PBXFileReference; fileEncoding = 4; lastKnownFileType = sourcecode.cpp.objcpp; path = ImageBrowserView.mm; sourceTree = "<group>"; };
		982DDD1A16311A390058738B /* Quartz.framework */ = {isa = PBXFileReference; lastKnownFileType = wrapper.framework; name = Quartz.framework; path = System/Library/Frameworks/Quartz.framework; sourceTree = SDKROOT; };
		982DDD1D16311DEC0058738B /* UI_Day1.png */ = {isa = PBXFileReference; lastKnownFileType = image.png; path = UI_Day1.png; sourceTree = "<group>"; };
		982DDD1E16311DEC0058738B /* UI_Day10.png */ = {isa = PBXFileReference; lastKnownFileType = image.png; path = UI_Day10.png; sourceTree = "<group>"; };
		982DDD1F16311DEC0058738B /* UI_Day11.png */ = {isa = PBXFileReference; lastKnownFileType = image.png; path = UI_Day11.png; sourceTree = "<group>"; };
		982DDD2016311DEC0058738B /* UI_Day12.png */ = {isa = PBXFileReference; lastKnownFileType = image.png; path = UI_Day12.png; sourceTree = "<group>"; };
		982DDD2116311DEC0058738B /* UI_Day13.png */ = {isa = PBXFileReference; lastKnownFileType = image.png; path = UI_Day13.png; sourceTree = "<group>"; };
		982DDD2216311DEC0058738B /* UI_Day14.png */ = {isa = PBXFileReference; lastKnownFileType = image.png; path = UI_Day14.png; sourceTree = "<group>"; };
		982DDD2316311DEC0058738B /* UI_Day15.png */ = {isa = PBXFileReference; lastKnownFileType = image.png; path = UI_Day15.png; sourceTree = "<group>"; };
		982DDD2416311DEC0058738B /* UI_Day16.png */ = {isa = PBXFileReference; lastKnownFileType = image.png; path = UI_Day16.png; sourceTree = "<group>"; };
		982DDD2516311DEC0058738B /* UI_Day17.png */ = {isa = PBXFileReference; lastKnownFileType = image.png; path = UI_Day17.png; sourceTree = "<group>"; };
		982DDD2616311DEC0058738B /* UI_Day18.png */ = {isa = PBXFileReference; lastKnownFileType = image.png; path = UI_Day18.png; sourceTree = "<group>"; };
		982DDD2716311DEC0058738B /* UI_Day19.png */ = {isa = PBXFileReference; lastKnownFileType = image.png; path = UI_Day19.png; sourceTree = "<group>"; };
		982DDD2816311DEC0058738B /* UI_Day2.png */ = {isa = PBXFileReference; lastKnownFileType = image.png; path = UI_Day2.png; sourceTree = "<group>"; };
		982DDD2916311DEC0058738B /* UI_Day20.png */ = {isa = PBXFileReference; lastKnownFileType = image.png; path = UI_Day20.png; sourceTree = "<group>"; };
		982DDD2A16311DEC0058738B /* UI_Day21.png */ = {isa = PBXFileReference; lastKnownFileType = image.png; path = UI_Day21.png; sourceTree = "<group>"; };
		982DDD2B16311DEC0058738B /* UI_Day22.png */ = {isa = PBXFileReference; lastKnownFileType = image.png; path = UI_Day22.png; sourceTree = "<group>"; };
		982DDD2C16311DEC0058738B /* UI_Day23.png */ = {isa = PBXFileReference; lastKnownFileType = image.png; path = UI_Day23.png; sourceTree = "<group>"; };
		982DDD2D16311DEC0058738B /* UI_Day24.png */ = {isa = PBXFileReference; lastKnownFileType = image.png; path = UI_Day24.png; sourceTree = "<group>"; };
		982DDD2E16311DEC0058738B /* UI_Day25.png */ = {isa = PBXFileReference; lastKnownFileType = image.png; path = UI_Day25.png; sourceTree = "<group>"; };
		982DDD2F16311DEC0058738B /* UI_Day26.png */ = {isa = PBXFileReference; lastKnownFileType = image.png; path = UI_Day26.png; sourceTree = "<group>"; };
		982DDD3016311DEC0058738B /* UI_Day27.png */ = {isa = PBXFileReference; lastKnownFileType = image.png; path = UI_Day27.png; sourceTree = "<group>"; };
		982DDD3116311DEC0058738B /* UI_Day28.png */ = {isa = PBXFileReference; lastKnownFileType = image.png; path = UI_Day28.png; sourceTree = "<group>"; };
		982DDD3216311DEC0058738B /* UI_Day29.png */ = {isa = PBXFileReference; lastKnownFileType = image.png; path = UI_Day29.png; sourceTree = "<group>"; };
		982DDD3316311DEC0058738B /* UI_Day3.png */ = {isa = PBXFileReference; lastKnownFileType = image.png; path = UI_Day3.png; sourceTree = "<group>"; };
		982DDD3416311DEC0058738B /* UI_Day30.png */ = {isa = PBXFileReference; lastKnownFileType = image.png; path = UI_Day30.png; sourceTree = "<group>"; };
		982DDD3516311DEC0058738B /* UI_Day4.png */ = {isa = PBXFileReference; lastKnownFileType = image.png; path = UI_Day4.png; sourceTree = "<group>"; };
		982DDD3616311DEC0058738B /* UI_Day5.png */ = {isa = PBXFileReference; lastKnownFileType = image.png; path = UI_Day5.png; sourceTree = "<group>"; };
		982DDD3716311DEC0058738B /* UI_Day6.png */ = {isa = PBXFileReference; lastKnownFileType = image.png; path = UI_Day6.png; sourceTree = "<group>"; };
		982DDD3816311DEC0058738B /* UI_Day7.png */ = {isa = PBXFileReference; lastKnownFileType = image.png; path = UI_Day7.png; sourceTree = "<group>"; };
		982DDD3916311DEC0058738B /* UI_Day8.png */ = {isa = PBXFileReference; lastKnownFileType = image.png; path = UI_Day8.png; sourceTree = "<group>"; };
		982DDD3A16311DEC0058738B /* UI_Day9.png */ = {isa = PBXFileReference; lastKnownFileType = image.png; path = UI_Day9.png; sourceTree = "<group>"; };
		982DDD5A16311E860058738B /* wrapperImage.m */ = {isa = PBXFileReference; fileEncoding = 4; lastKnownFileType = sourcecode.c.objc; path = wrapperImage.m; sourceTree = "<group>"; };
		982DDD6E1631608D0058738B /* Property List.plist */ = {isa = PBXFileReference; fileEncoding = 4; lastKnownFileType = text.plist.xml; path = "Property List.plist"; sourceTree = "<group>"; };
		983EAB501641064C00B4A5B1 /* File.rtf */ = {isa = PBXFileReference; fileEncoding = 4; lastKnownFileType = text.rtf; path = File.rtf; sourceTree = "<group>"; };
		983EAB5316410C9700B4A5B1 /* TSDocuments.h */ = {isa = PBXFileReference; fileEncoding = 4; lastKnownFileType = sourcecode.c.h; path = TSDocuments.h; sourceTree = "<group>"; };
		983EAB5416410C9700B4A5B1 /* TSDocuments.m */ = {isa = PBXFileReference; fileEncoding = 4; lastKnownFileType = sourcecode.c.objc; path = TSDocuments.m; sourceTree = "<group>"; };
		983EAB5516410C9800B4A5B1 /* TSDocuments.xib */ = {isa = PBXFileReference; fileEncoding = 4; lastKnownFileType = file.xib; path = TSDocuments.xib; sourceTree = "<group>"; };
		98ED564D163AC60C0013ABC4 /* TSLayerData.h */ = {isa = PBXFileReference; fileEncoding = 4; lastKnownFileType = sourcecode.c.h; path = TSLayerData.h; sourceTree = "<group>"; };
		98ED564E163AC60C0013ABC4 /* TSLayerData.m */ = {isa = PBXFileReference; fileEncoding = 4; lastKnownFileType = sourcecode.c.objc; path = TSLayerData.m; sourceTree = "<group>"; };
/* End PBXFileReference section */

/* Begin PBXFrameworksBuildPhase section */
		982DDCE9163118A40058738B /* Frameworks */ = {
			isa = PBXFrameworksBuildPhase;
			buildActionMask = 2147483647;
			files = (
				982DDD1B16311A390058738B /* Quartz.framework in Frameworks */,
				982DDCF1163118A40058738B /* Cocoa.framework in Frameworks */,
			);
			runOnlyForDeploymentPostprocessing = 0;
		};
/* End PBXFrameworksBuildPhase section */

/* Begin PBXGroup section */
		982DDCE1163118A40058738B = {
			isa = PBXGroup;
			children = (
				982DDD1A16311A390058738B /* Quartz.framework */,
				982DDCF6163118A40058738B /* ToolSample */,
				982DDD6D163134670058738B /* Resources */,
				982DDCEF163118A40058738B /* Frameworks */,
				982DDCED163118A40058738B /* Products */,
			);
			sourceTree = "<group>";
		};
		982DDCED163118A40058738B /* Products */ = {
			isa = PBXGroup;
			children = (
				982DDCEC163118A40058738B /* ToolSample.app */,
			);
			name = Products;
			sourceTree = "<group>";
		};
		982DDCEF163118A40058738B /* Frameworks */ = {
			isa = PBXGroup;
			children = (
				982DDCF0163118A40058738B /* Cocoa.framework */,
				982DDCF2163118A40058738B /* Other Frameworks */,
			);
			name = Frameworks;
			sourceTree = "<group>";
		};
		982DDCF2163118A40058738B /* Other Frameworks */ = {
			isa = PBXGroup;
			children = (
				982DDCF3163118A40058738B /* AppKit.framework */,
				982DDCF4163118A40058738B /* CoreData.framework */,
				982DDCF5163118A40058738B /* Foundation.framework */,
			);
			name = "Other Frameworks";
			sourceTree = "<group>";
		};
		982DDCF6163118A40058738B /* ToolSample */ = {
			isa = PBXGroup;
			children = (
				982DDD02163118A40058738B /* TSAppDelegate.h */,
				982DDD03163118A40058738B /* TSAppDelegate.m */,
				982DDD05163118A40058738B /* MainMenu.xib */,
				982DDD0D163118C80058738B /* TSController.h */,
				982DDD0E163118C80058738B /* TSController.m */,
				982DDD1116311A1C0058738B /* masterView.h */,
				982DDD1016311A1C0058738B /* masterView.m */,
				982DDD1216311A1C0058738B /* wrapperImage.h */,
				982DDD5A16311E860058738B /* wrapperImage.m */,
				983EAB5316410C9700B4A5B1 /* TSDocuments.h */,
				983EAB5416410C9700B4A5B1 /* TSDocuments.m */,
				983EAB5516410C9800B4A5B1 /* TSDocuments.xib */,
				982DDD1316311A1C0058738B /* ImageBrowserCell.h */,
				982DDD1416311A1D0058738B /* ImageBrowserCell.mm */,
				982DDD1516311A1D0058738B /* ImageBrowserView.h */,
				982DDD1616311A1D0058738B /* ImageBrowserView.mm */,
				98ED564D163AC60C0013ABC4 /* TSLayerData.h */,
				98ED564E163AC60C0013ABC4 /* TSLayerData.m */,
				982DDCF7163118A40058738B /* Supporting Files */,
			);
			path = ToolSample;
			sourceTree = "<group>";
		};
		982DDCF7163118A40058738B /* Supporting Files */ = {
			isa = PBXGroup;
			children = (
				982DDCF8163118A40058738B /* ToolSample-Info.plist */,
				982DDCF9163118A40058738B /* InfoPlist.strings */,
				982DDCFC163118A40058738B /* main.m */,
				982DDCFE163118A40058738B /* ToolSample-Prefix.pch */,
				983EAB501641064C00B4A5B1 /* File.rtf */,
				982DDCFF163118A40058738B /* Credits.rtf */,
			);
			name = "Supporting Files";
			sourceTree = "<group>";
		};
		982DDD1C16311DEB0058738B /* Non Retina */ = {
			isa = PBXGroup;
			children = (
				982DDD1D16311DEC0058738B /* UI_Day1.png */,
				982DDD1E16311DEC0058738B /* UI_Day10.png */,
				982DDD1F16311DEC0058738B /* UI_Day11.png */,
				982DDD2016311DEC0058738B /* UI_Day12.png */,
				982DDD2116311DEC0058738B /* UI_Day13.png */,
				982DDD2216311DEC0058738B /* UI_Day14.png */,
				982DDD2316311DEC0058738B /* UI_Day15.png */,
				982DDD2416311DEC0058738B /* UI_Day16.png */,
				982DDD2516311DEC0058738B /* UI_Day17.png */,
				982DDD2616311DEC0058738B /* UI_Day18.png */,
				982DDD2716311DEC0058738B /* UI_Day19.png */,
				982DDD2816311DEC0058738B /* UI_Day2.png */,
				982DDD2916311DEC0058738B /* UI_Day20.png */,
				982DDD2A16311DEC0058738B /* UI_Day21.png */,
				982DDD2B16311DEC0058738B /* UI_Day22.png */,
				982DDD2C16311DEC0058738B /* UI_Day23.png */,
				982DDD2D16311DEC0058738B /* UI_Day24.png */,
				982DDD2E16311DEC0058738B /* UI_Day25.png */,
				982DDD2F16311DEC0058738B /* UI_Day26.png */,
				982DDD3016311DEC0058738B /* UI_Day27.png */,
				982DDD3116311DEC0058738B /* UI_Day28.png */,
				982DDD3216311DEC0058738B /* UI_Day29.png */,
				982DDD3316311DEC0058738B /* UI_Day3.png */,
				982DDD3416311DEC0058738B /* UI_Day30.png */,
				982DDD3516311DEC0058738B /* UI_Day4.png */,
				982DDD3616311DEC0058738B /* UI_Day5.png */,
				982DDD3716311DEC0058738B /* UI_Day6.png */,
				982DDD3816311DEC0058738B /* UI_Day7.png */,
				982DDD3916311DEC0058738B /* UI_Day8.png */,
				982DDD3A16311DEC0058738B /* UI_Day9.png */,
			);
			path = "Non Retina";
			sourceTree = "<group>";
		};
		982DDD6D163134670058738B /* Resources */ = {
			isa = PBXGroup;
			children = (
				982DDD6E1631608D0058738B /* Property List.plist */,
				982DDD1C16311DEB0058738B /* Non Retina */,
			);
			name = Resources;
			path = ToolSample;
			sourceTree = "<group>";
		};
/* End PBXGroup section */

/* Begin PBXNativeTarget section */
		982DDCEB163118A40058738B /* ToolSample */ = {
			isa = PBXNativeTarget;
			buildConfigurationList = 982DDD0A163118A40058738B /* Build configuration list for PBXNativeTarget "ToolSample" */;
			buildPhases = (
				982DDCE8163118A40058738B /* Sources */,
				982DDCE9163118A40058738B /* Frameworks */,
				982DDCEA163118A40058738B /* Resources */,
			);
			buildRules = (
			);
			dependencies = (
			);
			name = ToolSample;
			productName = ToolSample;
			productReference = 982DDCEC163118A40058738B /* ToolSample.app */;
			productType = "com.apple.product-type.application";
		};
/* End PBXNativeTarget section */

/* Begin PBXProject section */
		982DDCE3163118A40058738B /* Project object */ = {
			isa = PBXProject;
			attributes = {
				CLASSPREFIX = TS;
				LastUpgradeCheck = 0450;
				ORGANIZATIONNAME = "prashant shukla";
			};
			buildConfigurationList = 982DDCE6163118A40058738B /* Build configuration list for PBXProject "ToolSample" */;
			compatibilityVersion = "Xcode 3.2";
			developmentRegion = English;
			hasScannedForEncodings = 0;
			knownRegions = (
				en,
			);
			mainGroup = 982DDCE1163118A40058738B;
			productRefGroup = 982DDCED163118A40058738B /* Products */;
			projectDirPath = "";
			projectRoot = "";
			targets = (
				982DDCEB163118A40058738B /* ToolSample */,
			);
		};
/* End PBXProject section */

/* Begin PBXResourcesBuildPhase section */
		982DDCEA163118A40058738B /* Resources */ = {
			isa = PBXResourcesBuildPhase;
			buildActionMask = 2147483647;
			files = (
				982DDCFB163118A40058738B /* InfoPlist.strings in Resources */,
				982DDD01163118A40058738B /* Credits.rtf in Resources */,
				982DDD07163118A40058738B /* MainMenu.xib in Resources */,
				982DDD3B16311DEC0058738B /* UI_Day1.png in Resources */,
				982DDD3C16311DEC0058738B /* UI_Day10.png in Resources */,
				982DDD3D16311DEC0058738B /* UI_Day11.png in Resources */,
				982DDD3E16311DEC0058738B /* UI_Day12.png in Resources */,
				982DDD3F16311DEC0058738B /* UI_Day13.png in Resources */,
				982DDD4016311DEC0058738B /* UI_Day14.png in Resources */,
				982DDD4116311DEC0058738B /* UI_Day15.png in Resources */,
				982DDD4216311DEC0058738B /* UI_Day16.png in Resources */,
				982DDD4316311DEC0058738B /* UI_Day17.png in Resources */,
				982DDD4416311DEC0058738B /* UI_Day18.png in Resources */,
				982DDD4516311DEC0058738B /* UI_Day19.png in Resources */,
				982DDD4616311DEC0058738B /* UI_Day2.png in Resources */,
				982DDD4716311DEC0058738B /* UI_Day20.png in Resources */,
				982DDD4816311DEC0058738B /* UI_Day21.png in Resources */,
				982DDD4916311DEC0058738B /* UI_Day22.png in Resources */,
				982DDD4A16311DEC0058738B /* UI_Day23.png in Resources */,
				982DDD4B16311DEC0058738B /* UI_Day24.png in Resources */,
				982DDD4C16311DEC0058738B /* UI_Day25.png in Resources */,
				982DDD4D16311DEC0058738B /* UI_Day26.png in Resources */,
				982DDD4E16311DEC0058738B /* UI_Day27.png in Resources */,
				982DDD4F16311DEC0058738B /* UI_Day28.png in Resources */,
				982DDD5016311DEC0058738B /* UI_Day29.png in Resources */,
				982DDD5116311DEC0058738B /* UI_Day3.png in Resources */,
				982DDD5216311DEC0058738B /* UI_Day30.png in Resources */,
				982DDD5316311DEC0058738B /* UI_Day4.png in Resources */,
				982DDD5416311DEC0058738B /* UI_Day5.png in Resources */,
				982DDD5516311DEC0058738B /* UI_Day6.png in Resources */,
				982DDD5616311DEC0058738B /* UI_Day7.png in Resources */,
				982DDD5716311DEC0058738B /* UI_Day8.png in Resources */,
				982DDD5816311DEC0058738B /* UI_Day9.png in Resources */,
				982DDD6F1631608D0058738B /* Property List.plist in Resources */,
				983EAB511641064C00B4A5B1 /* File.rtf in Resources */,
				983EAB5716410C9800B4A5B1 /* TSDocuments.xib in Resources */,
			);
			runOnlyForDeploymentPostprocessing = 0;
		};
/* End PBXResourcesBuildPhase section */

/* Begin PBXSourcesBuildPhase section */
		982DDCE8163118A40058738B /* Sources */ = {
			isa = PBXSourcesBuildPhase;
			buildActionMask = 2147483647;
			files = (
				982DDCFD163118A40058738B /* main.m in Sources */,
				982DDD04163118A40058738B /* TSAppDelegate.m in Sources */,
				982DDD0F163118C80058738B /* TSController.m in Sources */,
				982DDD1716311A1D0058738B /* masterView.m in Sources */,
				982DDD1816311A1D0058738B /* ImageBrowserCell.mm in Sources */,
				982DDD1916311A1D0058738B /* ImageBrowserView.mm in Sources */,
				982DDD5B16311E860058738B /* wrapperImage.m in Sources */,
				98ED564F163AC60C0013ABC4 /* TSLayerData.m in Sources */,
				983EAB5616410C9800B4A5B1 /* TSDocuments.m in Sources */,
			);
			runOnlyForDeploymentPostprocessing = 0;
		};
/* End PBXSourcesBuildPhase section */

/* Begin PBXVariantGroup section */
		982DDCF9163118A40058738B /* InfoPlist.strings */ = {
			isa = PBXVariantGroup;
			children = (
				982DDCFA163118A40058738B /* en */,
			);
			name = InfoPlist.strings;
			sourceTree = "<group>";
		};
		982DDCFF163118A40058738B /* Credits.rtf */ = {
			isa = PBXVariantGroup;
			children = (
				982DDD00163118A40058738B /* en */,
			);
			name = Credits.rtf;
			sourceTree = "<group>";
		};
		982DDD05163118A40058738B /* MainMenu.xib */ = {
			isa = PBXVariantGroup;
			children = (
				982DDD06163118A40058738B /* en */,
			);
			name = MainMenu.xib;
			sourceTree = "<group>";
		};
/* End PBXVariantGroup section */

/* Begin XCBuildConfiguration section */
		982DDD08163118A40058738B /* Debug */ = {
			isa = XCBuildConfiguration;
			buildSettings = {
				ALWAYS_SEARCH_USER_PATHS = NO;
				ARCHS = "$(ARCHS_STANDARD_64_BIT)";
				CLANG_CXX_LANGUAGE_STANDARD = "gnu++0x";
				CLANG_CXX_LIBRARY = "libc++";
				CLANG_WARN_EMPTY_BODY = YES;
				CLANG_WARN__DUPLICATE_METHOD_MATCH = YES;
				COPY_PHASE_STRIP = NO;
				GCC_C_LANGUAGE_STANDARD = gnu99;
				GCC_DYNAMIC_NO_PIC = NO;
				GCC_ENABLE_OBJC_EXCEPTIONS = YES;
				GCC_OPTIMIZATION_LEVEL = 0;
				GCC_PREPROCESSOR_DEFINITIONS = (
					"DEBUG=1",
					"$(inherited)",
				);
				GCC_SYMBOLS_PRIVATE_EXTERN = NO;
				GCC_WARN_64_TO_32_BIT_CONVERSION = YES;
				GCC_WARN_ABOUT_RETURN_TYPE = YES;
				GCC_WARN_UNINITIALIZED_AUTOS = YES;
				GCC_WARN_UNUSED_VARIABLE = YES;
				MACOSX_DEPLOYMENT_TARGET = 10.7;
				ONLY_ACTIVE_ARCH = YES;
				SDKROOT = macosx;
			};
			name = Debug;
		};
		982DDD09163118A40058738B /* Release */ = {
			isa = XCBuildConfiguration;
			buildSettings = {
				ALWAYS_SEARCH_USER_PATHS = NO;
				ARCHS = "$(ARCHS_STANDARD_64_BIT)";
				CLANG_CXX_LANGUAGE_STANDARD = "gnu++0x";
				CLANG_CXX_LIBRARY = "libc++";
				CLANG_WARN_EMPTY_BODY = YES;
				CLANG_WARN__DUPLICATE_METHOD_MATCH = YES;
				COPY_PHASE_STRIP = YES;
				DEBUG_INFORMATION_FORMAT = "dwarf-with-dsym";
				GCC_C_LANGUAGE_STANDARD = gnu99;
				GCC_ENABLE_OBJC_EXCEPTIONS = YES;
				GCC_WARN_64_TO_32_BIT_CONVERSION = YES;
				GCC_WARN_ABOUT_RETURN_TYPE = YES;
				GCC_WARN_UNINITIALIZED_AUTOS = YES;
				GCC_WARN_UNUSED_VARIABLE = YES;
				MACOSX_DEPLOYMENT_TARGET = 10.7;
				SDKROOT = macosx;
			};
			name = Release;
		};
		982DDD0B163118A40058738B /* Debug */ = {
			isa = XCBuildConfiguration;
			buildSettings = {
				COMBINE_HIDPI_IMAGES = YES;
				GCC_PRECOMPILE_PREFIX_HEADER = YES;
				GCC_PREFIX_HEADER = "ToolSample/ToolSample-Prefix.pch";
				INFOPLIST_FILE = "ToolSample/ToolSample-Info.plist";
				PRODUCT_NAME = "$(TARGET_NAME)";
				WRAPPER_EXTENSION = app;
			};
			name = Debug;
		};
		982DDD0C163118A40058738B /* Release */ = {
			isa = XCBuildConfiguration;
			buildSettings = {
				COMBINE_HIDPI_IMAGES = YES;
				GCC_PRECOMPILE_PREFIX_HEADER = YES;
				GCC_PREFIX_HEADER = "ToolSample/ToolSample-Prefix.pch";
				INFOPLIST_FILE = "ToolSample/ToolSample-Info.plist";
				PRODUCT_NAME = "$(TARGET_NAME)";
				WRAPPER_EXTENSION = app;
			};
			name = Release;
		};
/* End XCBuildConfiguration section */

/* Begin XCConfigurationList section */
		982DDCE6163118A40058738B /* Build configuration list for PBXProject "ToolSample" */ = {
			isa = XCConfigurationList;
			buildConfigurations = (
				982DDD08163118A40058738B /* Debug */,
				982DDD09163118A40058738B /* Release */,
			);
			defaultConfigurationIsVisible = 0;
			defaultConfigurationName = Release;
		};
		982DDD0A163118A40058738B /* Build configuration list for PBXNativeTarget "ToolSample" */ = {
			isa = XCConfigurationList;
			buildConfigurations = (
				982DDD0B163118A40058738B /* Debug */,
				982DDD0C163118A40058738B /* Release */,
			);
			defaultConfigurationIsVisible = 0;
			defaultConfigurationName = Release;
		};
/* End XCConfigurationList section */
	};
	rootObject = 982DDCE3163118A40058738B /* Project object */;
}
